
Microsoft Visual Studio Solution File, Format Version 12.00
# Visual Studio 2013
VisualStudioVersion = 12.0.40629.0
MinimumVisualStudioVersion = 10.0.40219.1
Project("{FAE04EC0-301F-11D3-BF4B-00C04F79EFBC}") = "StringsubstitutesSample", "StringsubstitutesSample\StringsubstitutesSample.csproj", "{756A1DC0-3C27-4290-BC00-70499E531230}"
EndProject
Project("{FAE04EC0-301F-11D3-BF4B-00C04F79EFBC}") = "StringSubstitutesTest", "StringSubstitutesTest\StringSubstitutesTest.csproj", "{4697FBEC-1CFE-4705-A6BE-30A429AD1EBD}"
EndProject
Global
	GlobalSection(SolutionConfigurationPlatforms) = preSolution
		Debug|Any CPU = Debug|Any CPU
		Release|Any CPU = Release|Any CPU
	EndGlobalSection
	GlobalSection(ProjectConfigurationPlatforms) = postSolution
		{756A1DC0-3C27-4290-BC00-70499E531230}.Debug|Any CPU.ActiveCfg = Debug|Any CPU
		{756A1DC0-3C27-4290-BC00-70499E531230}.Debug|Any CPU.Build.0 = Debug|Any CPU
		{756A1DC0-3C27-4290-BC00-70499E531230}.Release|Any CPU.ActiveCfg = Release|Any CPU
		{756A1DC0-3C27-4290-BC00-70499E531230}.Release|Any CPU.Build.0 = Release|Any CPU
		{4697FBEC-1CFE-4705-A6BE-30A429AD1EBD}.Debug|Any CPU.ActiveCfg = Debug|Any CPU
		{4697FBEC-1CFE-4705-A6BE-30A429AD1EBD}.Debug|Any CPU.Build.0 = Debug|Any CPU
		{4697FBEC-1CFE-4705-A6BE-30A429AD1EBD}.Release|Any CPU.ActiveCfg = Release|Any CPU
		{4697FBEC-1CFE-4705-A6BE-30A429AD1EBD}.Release|Any CPU.Build.0 = Release|Any CPU
	EndGlobalSection
	GlobalSection(SolutionProperties) = preSolution
		HideSolutionNode = FALSE
	EndGlobalSection
EndGlobal
